
Microsoft Visual Studio Solution File, Format Version 12.00
# Visual Studio Version 16
VisualStudioVersion = 16.0.32901.82
MinimumVisualStudioVersion = 10.0.40219.1
Project("{FAE04EC0-301F-11D3-BF4B-00C04F79EFBC}") = "ExamPrepExercise8Client", "ExamPrepExercise8Client\ExamPrepExercise8Client.csproj", "{B0D97FBA-0E82-46C1-B512-D2A4FC5799A0}"
EndProject
Global
	GlobalSection(SolutionConfigurationPlatforms) = preSolution
		Debug|Any CPU = Debug|Any CPU
		Release|Any CPU = Release|Any CPU
	EndGlobalSection
	GlobalSection(ProjectConfigurationPlatforms) = postSolution
		{B0D97FBA-0E82-46C1-B512-D2A4FC5799A0}.Debug|Any CPU.ActiveCfg = Debug|Any CPU
		{B0D97FBA-0E82-46C1-B512-D2A4FC5799A0}.Debug|Any CPU.Build.0 = Debug|Any CPU
		{B0D97FBA-0E82-46C1-B512-D2A4FC5799A0}.Release|Any CPU.ActiveCfg = Release|Any CPU
		{B0D97FBA-0E82-46C1-B512-D2A4FC5799A0}.Release|Any CPU.Build.0 = Release|Any CPU
	EndGlobalSection
	GlobalSection(SolutionProperties) = preSolution
		HideSolutionNode = FALSE
	EndGlobalSection
	GlobalSection(ExtensibilityGlobals) = postSolution
		SolutionGuid = {3896CF2E-1693-4DC7-9014-989231C1BB64}
	EndGlobalSection
EndGlobal
